
Microsoft Visual Studio Solution File, Format Version 12.00
Project("{FAE04EC0-301F-11D3-BF4B-00C04F79EFBC}") = "calculadora-cs", "calculadora-cs\calculadora-cs.csproj", "{F2DC3C6E-3070-4C97-88D8-ACBE07716BCE}"
EndProject
Global
	GlobalSection(SolutionConfigurationPlatforms) = preSolution
		Debug|Any CPU = Debug|Any CPU
		Release|Any CPU = Release|Any CPU
	EndGlobalSection
	GlobalSection(ProjectConfigurationPlatforms) = postSolution
		{F2DC3C6E-3070-4C97-88D8-ACBE07716BCE}.Debug|Any CPU.ActiveCfg = Debug|Any CPU
		{F2DC3C6E-3070-4C97-88D8-ACBE07716BCE}.Debug|Any CPU.Build.0 = Debug|Any CPU
		{F2DC3C6E-3070-4C97-88D8-ACBE07716BCE}.Release|Any CPU.ActiveCfg = Release|Any CPU
		{F2DC3C6E-3070-4C97-88D8-ACBE07716BCE}.Release|Any CPU.Build.0 = Release|Any CPU
	EndGlobalSection
EndGlobal
